<Solution>
  <Project Path="VibeMeter.Agent/VibeMeter.Agent.csproj" />
  <Project Path="VibeMeter.Core/VibeMeter.Core.csproj" />
  <Project Path="VibeMeter.Publishing/VibeMeter.Publishing.csproj" />
  <Project Path="VibeMeter.Ui/VibeMeter.Ui.csproj" />
  <Project Path="VibeMeter/VibeMeter.csproj" />
  <Project Path="VibeMeter.Tests/VibeMeter.Tests.csproj" />
</Solution>
